// !$*UTF8*$!
{
	archiveVersion = 1;
	classes = {
	};
	objectVersion = 48;
	objects = {

/* Begin PBXBuildFile section */
		13B6A3452011ABDE009A8957 /* AppDelegate.swift in Sources */ = {isa = PBXBuildFile; fileRef = 13B6A3442011ABDE009A8957 /* AppDelegate.swift */; };
		13B6A3472011ABDE009A8957 /* ViewController.swift in Sources */ = {isa = PBXBuildFile; fileRef = 13B6A3462011ABDE009A8957 /* ViewController.swift */; };
		13B6A34A2011ABDE009A8957 /* Main.storyboard in Resources */ = {isa = PBXBuildFile; fileRef = 13B6A3482011ABDE009A8957 /* Main.storyboard */; };
		13B6A34C2011ABDE009A8957 /* Assets.xcassets in Resources */ = {isa = PBXBuildFile; fileRef = 13B6A34B2011ABDE009A8957 /* Assets.xcassets */; };
		13B6A34F2011ABDE009A8957 /* LaunchScreen.storyboard in Resources */ = {isa = PBXBuildFile; fileRef = 13B6A34D2011ABDE009A8957 /* LaunchScreen.storyboard */; };
/* End PBXBuildFile section */

/* Begin PBXFileReference section */
		13B6A3412011ABDE009A8957 /* RithuAnu.app */ = {isa = PBXFileReference; explicitFileType = wrapper.application; includeInIndex = 0; path = RithuAnu.app; sourceTree = BUILT_PRODUCTS_DIR; };
		13B6A3442011ABDE009A8957 /* AppDelegate.swift */ = {isa = PBXFileReference; lastKnownFileType = sourcecode.swift; path = AppDelegate.swift; sourceTree = "<group>"; };
		13B6A3462011ABDE009A8957 /* ViewController.swift */ = {isa = PBXFileReference; lastKnownFileType = sourcecode.swift; path = ViewController.swift; sourceTree = "<group>"; };
		13B6A3492011ABDE009A8957 /* Base */ = {isa = PBXFileReference; lastKnownFileType = file.storyboard; name = Base; path = Base.lproj/Main.storyboard; sourceTree = "<group>"; };
		13B6A34B2011ABDE009A8957 /* Assets.xcassets */ = {isa = PBXFileReference; lastKnownFileType = folder.assetcatalog; path = Assets.xcassets; sourceTree = "<group>"; };
		13B6A34E2011ABDE009A8957 /* Base */ = {isa = PBXFileReference; lastKnownFileType = file.storyboard; name = Base; path = Base.lproj/LaunchScreen.storyboard; sourceTree = "<group>"; };
		13B6A3502011ABDE009A8957 /* Info.plist */ = {isa = PBXFileReference; lastKnownFileType = text.plist.xml; path = Info.plist; sourceTree = "<group>"; };
/* End PBXFileReference section */

/* Begin PBXFrameworksBuildPhase section */
		13B6A33E2011ABDE009A8957 /* Frameworks */ = {
			isa = PBXFrameworksBuildPhase;
			buildActionMask = 2147483647;
			files = (
			);
			runOnlyForDeploymentPostprocessing = 0;
		};
/* End PBXFrameworksBuildPhase section */

/* Begin PBXGroup section */
		13B6A3382011ABDE009A8957 = {
			isa = PBXGroup;
			children = (
				13B6A3432011ABDE009A8957 /* RithuAnu */,
				13B6A3422011ABDE009A8957 /* Products */,
			);
			sourceTree = "<group>";
		};
		13B6A3422011ABDE009A8957 /* Products */ = {
			isa = PBXGroup;
			children = (
				13B6A3412011ABDE009A8957 /* RithuAnu.app */,
			);
			name = Products;
			sourceTree = "<group>";
		};
		13B6A3432011ABDE009A8957 /* RithuAnu */ = {
			isa = PBXGroup;
			children = (
				13B6A3442011ABDE009A8957 /* AppDelegate.swift */,
				13B6A3462011ABDE009A8957 /* ViewController.swift */,
				13B6A3482011ABDE009A8957 /* Main.storyboard */,
				13B6A34B2011ABDE009A8957 /* Assets.xcassets */,
				13B6A34D2011ABDE009A8957 /* LaunchScreen.storyboard */,
				13B6A3502011ABDE009A8957 /* Info.plist */,
			);
			path = RithuAnu;
			sourceTree = "<group>";
		};
/* End PBXGroup section */

/* Begin PBXNativeTarget section */
		13B6A3402011ABDE009A8957 /* RithuAnu */ = {
			isa = PBXNativeTarget;
			buildConfigurationList = 13B6A3532011ABDE009A8957 /* Build configuration list for PBXNativeTarget "RithuAnu" */;
			buildPhases = (
				13B6A33D2011ABDE009A8957 /* Sources */,
				13B6A33E2011ABDE009A8957 /* Frameworks */,
				13B6A33F2011ABDE009A8957 /* Resources */,
			);
			buildRules = (
			);
			dependencies = (
			);
			name = RithuAnu;
			productName = RithuAnu;
			productReference = 13B6A3412011ABDE009A8957 /* RithuAnu.app */;
			productType = "com.apple.product-type.application";
		};
/* End PBXNativeTarget section */

/* Begin PBXProject section */
		13B6A3392011ABDE009A8957 /* Project object */ = {
			isa = PBXProject;
			attributes = {
				LastSwiftUpdateCheck = 0920;
				LastUpgradeCheck = 0920;
				ORGANIZATIONNAME = Trellisys;
				TargetAttributes = {
					13B6A3402011ABDE009A8957 = {
						CreatedOnToolsVersion = 9.2;
						ProvisioningStyle = Automatic;
					};
				};
			};
			buildConfigurationList = 13B6A33C2011ABDE009A8957 /* Build configuration list for PBXProject "RithuAnu" */;
			compatibilityVersion = "Xcode 8.0";
			developmentRegion = en;
			hasScannedForEncodings = 0;
			knownRegions = (
				en,
				Base,
			);
			mainGroup = 13B6A3382011ABDE009A8957;
			productRefGroup = 13B6A3422011ABDE009A8957 /* Products */;
			projectDirPath = "";
			projectRoot = "";
			targets = (
				13B6A3402011ABDE009A8957 /* RithuAnu */,
			);
		};
/* End PBXProject section */

/* Begin PBXResourcesBuildPhase section */
		13B6A33F2011ABDE009A8957 /* Resources */ = {
			isa = PBXResourcesBuildPhase;
			buildActionMask = 2147483647;
			files = (
				13B6A34F2011ABDE009A8957 /* LaunchScreen.storyboard in Resources */,
				13B6A34C2011ABDE009A8957 /* Assets.xcassets in Resources */,
				13B6A34A2011ABDE009A8957 /* Main.storyboard in Resources */,
			);
			runOnlyForDeploymentPostprocessing = 0;
		};
/* End PBXResourcesBuildPhase section */

/* Begin PBXSourcesBuildPhase section */
		13B6A33D2011ABDE009A8957 /* Sources */ = {
			isa = PBXSourcesBuildPhase;
			buildActionMask = 2147483647;
			files = (
				13B6A3472011ABDE009A8957 /* ViewController.swift in Sources */,
				13B6A3452011ABDE009A8957 /* AppDelegate.swift in Sources */,
			);
			runOnlyForDeploymentPostprocessing = 0;
		};
/* End PBXSourcesBuildPhase section */

/* Begin PBXVariantGroup section */
		13B6A3482011ABDE009A8957 /* Main.storyboard */ = {
			isa = PBXVariantGroup;
			children = (
				13B6A3492011ABDE009A8957 /* Base */,
			);
			name = Main.storyboard;
			sourceTree = "<group>";
		};
		13B6A34D2011ABDE009A8957 /* LaunchScreen.storyboard */ = {
			isa = PBXVariantGroup;
			children = (
				13B6A34E2011ABDE009A8957 /* Base */,
			);
			name = LaunchScreen.storyboard;
			sourceTree = "<group>";
		};
/* End PBXVariantGroup section */

/* Begin XCBuildConfiguration section */
		13B6A3512011ABDE009A8957 /* Debug */ = {
			isa = XCBuildConfiguration;
			buildSettings = {
				ALWAYS_SEARCH_USER_PATHS = NO;
				CLANG_ANALYZER_NONNULL = YES;
				CLANG_ANALYZER_NUMBER_OBJECT_CONVERSION = YES_AGGRESSIVE;
				CLANG_CXX_LANGUAGE_STANDARD = "gnu++14";
				CLANG_CXX_LIBRARY = "libc++";
				CLANG_ENABLE_MODULES = YES;
				CLANG_ENABLE_OBJC_ARC = YES;
				CLANG_WARN_BLOCK_CAPTURE_AUTORELEASING = YES;
				CLANG_WARN_BOOL_CONVERSION = YES;
				CLANG_WARN_COMMA = YES;
				CLANG_WARN_CONSTANT_CONVERSION = YES;
				CLANG_WARN_DIRECT_OBJC_ISA_USAGE = YES_ERROR;
				CLANG_WARN_DOCUMENTATION_COMMENTS = YES;
				CLANG_WARN_EMPTY_BODY = YES;
				CLANG_WARN_ENUM_CONVERSION = YES;
				CLANG_WARN_INFINITE_RECURSION = YES;
				CLANG_WARN_INT_CONVERSION = YES;
				CLANG_WARN_NON_LITERAL_NULL_CONVERSION = YES;
				CLANG_WARN_OBJC_LITERAL_CONVERSION = YES;
				CLANG_WARN_OBJC_ROOT_CLASS = YES_ERROR;
				CLANG_WARN_RANGE_LOOP_ANALYSIS = YES;
				CLANG_WARN_STRICT_PROTOTYPES = YES;
				CLANG_WARN_SUSPICIOUS_MOVE = YES;
				CLANG_WARN_UNGUARDED_AVAILABILITY = YES_AGGRESSIVE;
				CLANG_WARN_UNREACHABLE_CODE = YES;
				CLANG_WARN__DUPLICATE_METHOD_MATCH = YES;
				CODE_SIGN_IDENTITY = "iPhone Developer";
				COPY_PHASE_STRIP = NO;
				DEBUG_INFORMATION_FORMAT = dwarf;
				ENABLE_STRICT_OBJC_MSGSEND = YES;
				ENABLE_TESTABILITY = YES;
				GCC_C_LANGUAGE_STANDARD = gnu11;
				GCC_DYNAMIC_NO_PIC = NO;
				GCC_NO_COMMON_BLOCKS = YES;
				GCC_OPTIMIZATION_LEVEL = 0;
				GCC_PREPROCESSOR_DEFINITIONS = (
					"DEBUG=1",
					"$(inherited)",
				);
				GCC_WARN_64_TO_32_BIT_CONVERSION = YES;
				GCC_WARN_ABOUT_RETURN_TYPE = YES_ERROR;
				GCC_WARN_UNDECLARED_SELECTOR = YES;
				GCC_WARN_UNINITIALIZED_AUTOS = YES_AGGRESSIVE;
				GCC_WARN_UNUSED_FUNCTION = YES;
				GCC_WARN_UNUSED_VARIABLE = YES;
				IPHONEOS_DEPLOYMENT_TARGET = 11.2;
				MTL_ENABLE_DEBUG_INFO = YES;
				ONLY_ACTIVE_ARCH = YES;
				SDKROOT = iphoneos;
				SWIFT_ACTIVE_COMPILATION_CONDITIONS = DEBUG;
				SWIFT_OPTIMIZATION_LEVEL = "-Onone";
			};
			name = Debug;
		};
		13B6A3522011ABDE009A8957 /* Release */ = {
			isa = XCBuildConfiguration;
			buildSettings = {
				ALWAYS_SEARCH_USER_PATHS = NO;
				CLANG_ANALYZER_NONNULL = YES;
				CLANG_ANALYZER_NUMBER_OBJECT_CONVERSION = YES_AGGRESSIVE;
				CLANG_CXX_LANGUAGE_STANDARD = "gnu++14";
				CLANG_CXX_LIBRARY = "libc++";
				CLANG_ENABLE_MODULES = YES;
				CLANG_ENABLE_OBJC_ARC = YES;
				CLANG_WARN_BLOCK_CAPTURE_AUTORELEASING = YES;
				CLANG_WARN_BOOL_CONVERSION = YES;
				CLANG_WARN_COMMA = YES;
				CLANG_WARN_CONSTANT_CONVERSION = YES;
				CLANG_WARN_DIRECT_OBJC_ISA_USAGE = YES_ERROR;
				CLANG_WARN_DOCUMENTATION_COMMENTS = YES;
				CLANG_WARN_EMPTY_BODY = YES;
				CLANG_WARN_ENUM_CONVERSION = YES;
				CLANG_WARN_INFINITE_RECURSION = YES;
				CLANG_WARN_INT_CONVERSION = YES;
				CLANG_WARN_NON_LITERAL_NULL_CONVERSION = YES;
				CLANG_WARN_OBJC_LITERAL_CONVERSION = YES;
				CLANG_WARN_OBJC_ROOT_CLASS = YES_ERROR;
				CLANG_WARN_RANGE_LOOP_ANALYSIS = YES;
				CLANG_WARN_STRICT_PROTOTYPES = YES;
				CLANG_WARN_SUSPICIOUS_MOVE = YES;
				CLANG_WARN_UNGUARDED_AVAILABILITY = YES_AGGRESSIVE;
				CLANG_WARN_UNREACHABLE_CODE = YES;
				CLANG_WARN__DUPLICATE_METHOD_MATCH = YES;
				CODE_SIGN_IDENTITY = "iPhone Developer";
				COPY_PHASE_STRIP = NO;
				DEBUG_INFORMATION_FORMAT = "dwarf-with-dsym";
				ENABLE_NS_ASSERTIONS = NO;
				ENABLE_STRICT_OBJC_MSGSEND = YES;
				GCC_C_LANGUAGE_STANDARD = gnu11;
				GCC_NO_COMMON_BLOCKS = YES;
				GCC_WARN_64_TO_32_BIT_CONVERSION = YES;
				GCC_WARN_ABOUT_RETURN_TYPE = YES_ERROR;
				GCC_WARN_UNDECLARED_SELECTOR = YES;
				GCC_WARN_UNINITIALIZED_AUTOS = YES_AGGRESSIVE;
				GCC_WARN_UNUSED_FUNCTION = YES;
				GCC_WARN_UNUSED_VARIABLE = YES;
				IPHONEOS_DEPLOYMENT_TARGET = 11.2;
				MTL_ENABLE_DEBUG_INFO = NO;
				SDKROOT = iphoneos;
				SWIFT_OPTIMIZATION_LEVEL = "-Owholemodule";
				VALIDATE_PRODUCT = YES;
			};
			name = Release;
		};
		13B6A3542011ABDE009A8957 /* Debug */ = {
			isa = XCBuildConfiguration;
			buildSettings = {
				ASSETCATALOG_COMPILER_APPICON_NAME = AppIcon;
				CODE_SIGN_STYLE = Automatic;
				INFOPLIST_FILE = RithuAnu/Info.plist;
				LD_RUNPATH_SEARCH_PATHS = "$(inherited) @executable_path/Frameworks";
				PRODUCT_BUNDLE_IDENTIFIER = net.trellisys.Papyrus.RithuAnu;
				PRODUCT_NAME = "$(TARGET_NAME)";
				SWIFT_VERSION = 4.0;
				TARGETED_DEVICE_FAMILY = "1,2";
			};
			name = Debug;
		};
		13B6A3552011ABDE009A8957 /* Release */ = {
			isa = XCBuildConfiguration;
			buildSettings = {
				ASSETCATALOG_COMPILER_APPICON_NAME = AppIcon;
				CODE_SIGN_STYLE = Automatic;
				INFOPLIST_FILE = RithuAnu/Info.plist;
				LD_RUNPATH_SEARCH_PATHS = "$(inherited) @executable_path/Frameworks";
				PRODUCT_BUNDLE_IDENTIFIER = net.trellisys.Papyrus.RithuAnu;
				PRODUCT_NAME = "$(TARGET_NAME)";
				SWIFT_VERSION = 4.0;
				TARGETED_DEVICE_FAMILY = "1,2";
			};
			name = Release;
		};
/* End XCBuildConfiguration section */

/* Begin XCConfigurationList section */
		13B6A33C2011ABDE009A8957 /* Build configuration list for PBXProject "RithuAnu" */ = {
			isa = XCConfigurationList;
			buildConfigurations = (
				13B6A3512011ABDE009A8957 /* Debug */,
				13B6A3522011ABDE009A8957 /* Release */,
			);
			defaultConfigurationIsVisible = 0;
			defaultConfigurationName = Release;
		};
		13B6A3532011ABDE009A8957 /* Build configuration list for PBXNativeTarget "RithuAnu" */ = {
			isa = XCConfigurationList;
			buildConfigurations = (
				13B6A3542011ABDE009A8957 /* Debug */,
				13B6A3552011ABDE009A8957 /* Release */,
			);
			defaultConfigurationIsVisible = 0;
			defaultConfigurationName = Release;
		};
/* End XCConfigurationList section */
	};
	rootObject = 13B6A3392011ABDE009A8957 /* Project object */;
}
